{
  "version": 4,
  "terraform_version": "1.12.2",
  "serial": 21,
  "lineage": "168fb6ad-6d28-1028-f01a-a173aa6be461",
  "outputs": {},
  "resources": [
    {
      "mode": "managed",
      "type": "aws_iam_instance_profile",
      "name": "eb_ec2_profile",
      "provider": "provider[\"registry.terraform.io/hashicorp/aws\"]",
      "instances": [
        {
          "status": "tainted",
          "schema_version": 0,
          "attributes": {
            "arn": null,
            "create_date": null,
            "id": "aws-elasticbeanstalk-ec2-role",
            "name": "aws-elasticbeanstalk-ec2-role",
            "name_prefix": null,
            "path": "/",
            "role": "aws-elasticbeanstalk-ec2-role",
            "tags": null,
            "tags_all": null,
            "unique_id": null
          },
          "sensitive_attributes": [],
          "identity_schema_version": 0,
          "private": "bnVsbA==",
          "dependencies": [
            "aws_iam_role.eb_ec2_role"
          ]
        }
      ]
    },
    {
      "mode": "managed",
      "type": "aws_iam_role",
      "name": "eb_ec2_role",
      "provider": "provider[\"registry.terraform.io/hashicorp/aws\"]",
      "instances": [
        {
          "schema_version": 0,
          "attributes": {
            "arn": "arn:aws:iam::926607971610:role/aws-elasticbeanstalk-ec2-role",
            "assume_role_policy": "{\"Statement\":[{\"Action\":\"sts:AssumeRole\",\"Effect\":\"Allow\",\"Principal\":{\"Service\":\"ec2.amazonaws.com\"}}],\"Version\":\"2012-10-17\"}",
            "create_date": "2025-07-06T13:17:42Z",
            "description": "",
            "force_detach_policies": false,
            "id": "aws-elasticbeanstalk-ec2-role",
            "inline_policy": [],
            "managed_policy_arns": [
              "arn:aws:iam::aws:policy/AWSElasticBeanstalkMulticontainerDocker",
              "arn:aws:iam::aws:policy/AWSElasticBeanstalkWebTier",
              "arn:aws:iam::aws:policy/AWSElasticBeanstalkWorkerTier"
            ],
            "max_session_duration": 3600,
            "name": "aws-elasticbeanstalk-ec2-role",
            "name_prefix": "",
            "path": "/",
            "permissions_boundary": "",
            "tags": {},
            "tags_all": {},
            "unique_id": "AROA5PPRDSUNEPAMVIORZ"
          },
          "sensitive_attributes": [],
          "identity_schema_version": 0,
          "identity": {
            "account_id": "926607971610",
            "name": "aws-elasticbeanstalk-ec2-role"
          },
          "private": "bnVsbA=="
        }
      ]
    },
    {
      "mode": "managed",
      "type": "aws_iam_role",
      "name": "eb_service_role",
      "provider": "provider[\"registry.terraform.io/hashicorp/aws\"]",
      "instances": [
        {
          "schema_version": 0,
          "attributes": {
            "arn": "arn:aws:iam::926607971610:role/aws-elasticbeanstalk-service-role",
            "assume_role_policy": "{\"Statement\":[{\"Action\":\"sts:AssumeRole\",\"Effect\":\"Allow\",\"Principal\":{\"Service\":\"elasticbeanstalk.amazonaws.com\"}}],\"Version\":\"2012-10-17\"}",
            "create_date": "2025-07-06T13:17:42Z",
            "description": "",
            "force_detach_policies": false,
            "id": "aws-elasticbeanstalk-service-role",
            "inline_policy": [],
            "managed_policy_arns": [
              "arn:aws:iam::aws:policy/AWSElasticBeanstalkManagedUpdatesCustomerRolePolicy",
              "arn:aws:iam::aws:policy/service-role/AWSElasticBeanstalkEnhancedHealth"
            ],
            "max_session_duration": 3600,
            "name": "aws-elasticbeanstalk-service-role",
            "name_prefix": "",
            "path": "/",
            "permissions_boundary": "",
            "tags": {},
            "tags_all": {},
            "unique_id": "AROA5PPRDSUNIMZLZ6MCJ"
          },
          "sensitive_attributes": [],
          "identity_schema_version": 0,
          "identity": {
            "account_id": "926607971610",
            "name": "aws-elasticbeanstalk-service-role"
          },
          "private": "bnVsbA=="
        }
      ]
    },
    {
      "mode": "managed",
      "type": "aws_iam_role_policy_attachment",
      "name": "eb_service_enhanced_health",
      "provider": "provider[\"registry.terraform.io/hashicorp/aws\"]",
      "instances": [
        {
          "schema_version": 0,
          "attributes": {
            "id": "aws-elasticbeanstalk-service-role/arn:aws:iam::aws:policy/service-role/AWSElasticBeanstalkEnhancedHealth",
            "policy_arn": "arn:aws:iam::aws:policy/service-role/AWSElasticBeanstalkEnhancedHealth",
            "role": "aws-elasticbeanstalk-service-role"
          },
          "sensitive_attributes": [],
          "identity_schema_version": 0,
          "identity": {
            "account_id": "926607971610",
            "policy_arn": "arn:aws:iam::aws:policy/service-role/AWSElasticBeanstalkEnhancedHealth",
            "role": "aws-elasticbeanstalk-service-role"
          },
          "private": "bnVsbA==",
          "dependencies": [
            "aws_iam_role.eb_service_role"
          ]
        }
      ]
    },
    {
      "mode": "managed",
      "type": "aws_iam_role_policy_attachment",
      "name": "eb_service_updates",
      "provider": "provider[\"registry.terraform.io/hashicorp/aws\"]",
      "instances": [
        {
          "schema_version": 0,
          "attributes": {
            "id": "aws-elasticbeanstalk-service-role/arn:aws:iam::aws:policy/AWSElasticBeanstalkManagedUpdatesCustomerRolePolicy",
            "policy_arn": "arn:aws:iam::aws:policy/AWSElasticBeanstalkManagedUpdatesCustomerRolePolicy",
            "role": "aws-elasticbeanstalk-service-role"
          },
          "sensitive_attributes": [],
          "identity_schema_version": 0,
          "identity": {
            "account_id": "926607971610",
            "policy_arn": "arn:aws:iam::aws:policy/AWSElasticBeanstalkManagedUpdatesCustomerRolePolicy",
            "role": "aws-elasticbeanstalk-service-role"
          },
          "private": "bnVsbA==",
          "dependencies": [
            "aws_iam_role.eb_service_role"
          ]
        }
      ]
    },
    {
      "mode": "managed",
      "type": "aws_iam_role_policy_attachment",
      "name": "multicontainer",
      "provider": "provider[\"registry.terraform.io/hashicorp/aws\"]",
      "instances": [
        {
          "schema_version": 0,
          "attributes": {
            "id": "aws-elasticbeanstalk-ec2-role/arn:aws:iam::aws:policy/AWSElasticBeanstalkMulticontainerDocker",
            "policy_arn": "arn:aws:iam::aws:policy/AWSElasticBeanstalkMulticontainerDocker",
            "role": "aws-elasticbeanstalk-ec2-role"
          },
          "sensitive_attributes": [],
          "identity_schema_version": 0,
          "identity": {
            "account_id": "926607971610",
            "policy_arn": "arn:aws:iam::aws:policy/AWSElasticBeanstalkMulticontainerDocker",
            "role": "aws-elasticbeanstalk-ec2-role"
          },
          "private": "bnVsbA==",
          "dependencies": [
            "aws_iam_role.eb_ec2_role"
          ]
        }
      ]
    },
    {
      "mode": "managed",
      "type": "aws_iam_role_policy_attachment",
      "name": "webtier",
      "provider": "provider[\"registry.terraform.io/hashicorp/aws\"]",
      "instances": [
        {
          "schema_version": 0,
          "attributes": {
            "id": "aws-elasticbeanstalk-ec2-role/arn:aws:iam::aws:policy/AWSElasticBeanstalkWebTier",
            "policy_arn": "arn:aws:iam::aws:policy/AWSElasticBeanstalkWebTier",
            "role": "aws-elasticbeanstalk-ec2-role"
          },
          "sensitive_attributes": [],
          "identity_schema_version": 0,
          "identity": {
            "account_id": "926607971610",
            "policy_arn": "arn:aws:iam::aws:policy/AWSElasticBeanstalkWebTier",
            "role": "aws-elasticbeanstalk-ec2-role"
          },
          "private": "bnVsbA==",
          "dependencies": [
            "aws_iam_role.eb_ec2_role"
          ]
        }
      ]
    },
    {
      "mode": "managed",
      "type": "aws_iam_role_policy_attachment",
      "name": "worker",
      "provider": "provider[\"registry.terraform.io/hashicorp/aws\"]",
      "instances": [
        {
          "schema_version": 0,
          "attributes": {
            "id": "aws-elasticbeanstalk-ec2-role/arn:aws:iam::aws:policy/AWSElasticBeanstalkWorkerTier",
            "policy_arn": "arn:aws:iam::aws:policy/AWSElasticBeanstalkWorkerTier",
            "role": "aws-elasticbeanstalk-ec2-role"
          },
          "sensitive_attributes": [],
          "identity_schema_version": 0,
          "identity": {
            "account_id": "926607971610",
            "policy_arn": "arn:aws:iam::aws:policy/AWSElasticBeanstalkWorkerTier",
            "role": "aws-elasticbeanstalk-ec2-role"
          },
          "private": "bnVsbA==",
          "dependencies": [
            "aws_iam_role.eb_ec2_role"
          ]
        }
      ]
    },
    {
      "mode": "managed",
      "type": "aws_iam_service_linked_role",
      "name": "autoscaling",
      "provider": "provider[\"registry.terraform.io/hashicorp/aws\"]",
      "instances": [
        {
          "schema_version": 0,
          "attributes": {
            "arn": "arn:aws:iam::926607971610:role/aws-service-role/autoscaling.amazonaws.com/AWSServiceRoleForAutoScaling",
            "aws_service_name": "autoscaling.amazonaws.com",
            "create_date": "2025-07-06T12:29:57Z",
            "custom_suffix": "",
            "description": "",
            "id": "arn:aws:iam::926607971610:role/aws-service-role/autoscaling.amazonaws.com/AWSServiceRoleForAutoScaling",
            "name": "AWSServiceRoleForAutoScaling",
            "path": "/aws-service-role/autoscaling.amazonaws.com/",
            "tags": {},
            "tags_all": {},
            "unique_id": "AROA5PPRDSUNCWO7A5XWR"
          },
          "sensitive_attributes": [],
          "identity_schema_version": 0,
          "private": "bnVsbA=="
        }
      ]
    }
  ],
  "check_results": null
}
